
Microsoft Visual Studio Solution File, Format Version 12.00
# Visual Studio Version 17
VisualStudioVersion = 17.5.002.0
MinimumVisualStudioVersion = 10.0.40219.1
Project("{9A19103F-16F7-4668-BE54-9A1E7A4F7556}") = "CodingWiki_DataAccess", "CodingWiki_DataAccess.csproj", "{FF44F77C-854F-48D6-A319-C1963AB4D8E1}"
EndProject
Global
	GlobalSection(SolutionConfigurationPlatforms) = preSolution
		Debug|Any CPU = Debug|Any CPU
		Release|Any CPU = Release|Any CPU
	EndGlobalSection
	GlobalSection(ProjectConfigurationPlatforms) = postSolution
		{FF44F77C-854F-48D6-A319-C1963AB4D8E1}.Debug|Any CPU.ActiveCfg = Debug|Any CPU
		{FF44F77C-854F-48D6-A319-C1963AB4D8E1}.Debug|Any CPU.Build.0 = Debug|Any CPU
		{FF44F77C-854F-48D6-A319-C1963AB4D8E1}.Release|Any CPU.ActiveCfg = Release|Any CPU
		{FF44F77C-854F-48D6-A319-C1963AB4D8E1}.Release|Any CPU.Build.0 = Release|Any CPU
	EndGlobalSection
	GlobalSection(SolutionProperties) = preSolution
		HideSolutionNode = FALSE
	EndGlobalSection
	GlobalSection(ExtensibilityGlobals) = postSolution
		SolutionGuid = {B5FF3CDD-F81D-4471-B01F-64F6D369023A}
	EndGlobalSection
EndGlobal
